
Microsoft Visual Studio Solution File, Format Version 12.00
# Visual Studio Version 17
VisualStudioVersion = 17.2.32616.157
MinimumVisualStudioVersion = 10.0.40219.1
Project("{FAE04EC0-301F-11D3-BF4B-00C04F79EFBC}") = "Cocuk", "Cocuk\Cocuk.csproj", "{C40D13EC-84DC-4262-B513-55907E025D5E}"
EndProject
Global
	GlobalSection(SolutionConfigurationPlatforms) = preSolution
		Debug|Any CPU = Debug|Any CPU
		Release|Any CPU = Release|Any CPU
	EndGlobalSection
	GlobalSection(ProjectConfigurationPlatforms) = postSolution
		{C40D13EC-84DC-4262-B513-55907E025D5E}.Debug|Any CPU.ActiveCfg = Debug|Any CPU
		{C40D13EC-84DC-4262-B513-55907E025D5E}.Debug|Any CPU.Build.0 = Debug|Any CPU
		{C40D13EC-84DC-4262-B513-55907E025D5E}.Release|Any CPU.ActiveCfg = Release|Any CPU
		{C40D13EC-84DC-4262-B513-55907E025D5E}.Release|Any CPU.Build.0 = Release|Any CPU
	EndGlobalSection
	GlobalSection(SolutionProperties) = preSolution
		HideSolutionNode = FALSE
	EndGlobalSection
	GlobalSection(ExtensibilityGlobals) = postSolution
		SolutionGuid = {361A986D-D08D-4843-81DF-4B27D29F5BD3}
	EndGlobalSection
EndGlobal
